
Microsoft Visual Studio Solution File, Format Version 12.00
# Visual Studio Version 16
VisualStudioVersion = 16.0.29001.49
MinimumVisualStudioVersion = 10.0.40219.1
Project("{FAE04EC0-301F-11D3-BF4B-00C04F79EFBC}") = "PassportVerificationApi", "PassportVerificationApi\PassportVerificationApi.csproj", "{9F649821-E0DA-453B-93C8-192AFC4CF830}"
EndProject
Project("{FAE04EC0-301F-11D3-BF4B-00C04F79EFBC}") = "PassportVerification", "PassportVerification\PassportVerification.csproj", "{4BDAF4F4-3E36-4DD5-8105-25A882D2E058}"
EndProject
Project("{9A19103F-16F7-4668-BE54-9A1E7A4F7556}") = "PassportVerificationTests", "PassportVerificationTests\PassportVerificationTests.csproj", "{6160B5A9-1DB6-41D6-B6EE-04FBA9E9A85E}"
EndProject
Global
	GlobalSection(SolutionConfigurationPlatforms) = preSolution
		Debug|Any CPU = Debug|Any CPU
		Release|Any CPU = Release|Any CPU
	EndGlobalSection
	GlobalSection(ProjectConfigurationPlatforms) = postSolution
		{9F649821-E0DA-453B-93C8-192AFC4CF830}.Debug|Any CPU.ActiveCfg = Debug|Any CPU
		{9F649821-E0DA-453B-93C8-192AFC4CF830}.Debug|Any CPU.Build.0 = Debug|Any CPU
		{9F649821-E0DA-453B-93C8-192AFC4CF830}.Release|Any CPU.ActiveCfg = Release|Any CPU
		{9F649821-E0DA-453B-93C8-192AFC4CF830}.Release|Any CPU.Build.0 = Release|Any CPU
		{4BDAF4F4-3E36-4DD5-8105-25A882D2E058}.Debug|Any CPU.ActiveCfg = Debug|Any CPU
		{4BDAF4F4-3E36-4DD5-8105-25A882D2E058}.Debug|Any CPU.Build.0 = Debug|Any CPU
		{4BDAF4F4-3E36-4DD5-8105-25A882D2E058}.Release|Any CPU.ActiveCfg = Release|Any CPU
		{4BDAF4F4-3E36-4DD5-8105-25A882D2E058}.Release|Any CPU.Build.0 = Release|Any CPU
		{6160B5A9-1DB6-41D6-B6EE-04FBA9E9A85E}.Debug|Any CPU.ActiveCfg = Debug|Any CPU
		{6160B5A9-1DB6-41D6-B6EE-04FBA9E9A85E}.Debug|Any CPU.Build.0 = Debug|Any CPU
		{6160B5A9-1DB6-41D6-B6EE-04FBA9E9A85E}.Release|Any CPU.ActiveCfg = Release|Any CPU
		{6160B5A9-1DB6-41D6-B6EE-04FBA9E9A85E}.Release|Any CPU.Build.0 = Release|Any CPU
	EndGlobalSection
	GlobalSection(SolutionProperties) = preSolution
		HideSolutionNode = FALSE
	EndGlobalSection
	GlobalSection(ExtensibilityGlobals) = postSolution
		SolutionGuid = {14552597-F133-4336-B7F1-1D4DC3A9A188}
	EndGlobalSection
EndGlobal
